{
    "requires": true,
    "lockfileVersion": 1,
    "dependencies": {
        "moment-mini-ts": {
            "version": "2.20.1",
            "resolved": "https://registry.npmjs.org/moment-mini-ts/-/moment-mini-ts-2.20.1.tgz",
            "integrity": "sha512-X8CHo8rq0ZgyGFvqc117uc8JJzAQPBzFj9ExEP/ei7Lcvv7iyEQp5m1JTv7l1EtleQbbKfwXmy2FQNBcmorLzA=="
        }
    }
}
